
Microsoft Visual Studio Solution File, Format Version 12.00
# Visual Studio 15
VisualStudioVersion = 15.0.28307.779
MinimumVisualStudioVersion = 10.0.40219.1
Project("{FAE04EC0-301F-11D3-BF4B-00C04F79EFBC}") = "OOP for Student Objects", "OOP for Student Objects\OOP for Student Objects.csproj", "{A539A921-FBB6-47B3-865C-F8802B985206}"
EndProject
Global
	GlobalSection(SolutionConfigurationPlatforms) = preSolution
		Debug|Any CPU = Debug|Any CPU
		Release|Any CPU = Release|Any CPU
	EndGlobalSection
	GlobalSection(ProjectConfigurationPlatforms) = postSolution
		{A539A921-FBB6-47B3-865C-F8802B985206}.Debug|Any CPU.ActiveCfg = Debug|Any CPU
		{A539A921-FBB6-47B3-865C-F8802B985206}.Debug|Any CPU.Build.0 = Debug|Any CPU
		{A539A921-FBB6-47B3-865C-F8802B985206}.Release|Any CPU.ActiveCfg = Release|Any CPU
		{A539A921-FBB6-47B3-865C-F8802B985206}.Release|Any CPU.Build.0 = Release|Any CPU
	EndGlobalSection
	GlobalSection(SolutionProperties) = preSolution
		HideSolutionNode = FALSE
	EndGlobalSection
	GlobalSection(ExtensibilityGlobals) = postSolution
		SolutionGuid = {E9003F52-BDC2-4441-A618-49E64D99E313}
	EndGlobalSection
EndGlobal
